
Microsoft Visual Studio Solution File, Format Version 12.00
# Visual Studio 2013
VisualStudioVersion = 12.0.30501.0
MinimumVisualStudioVersion = 10.0.40219.1
Project("{FAE04EC0-301F-11D3-BF4B-00C04F79EFBC}") = "AdvancedSearchWebTest", "AdvancedSearchWebTest\AdvancedSearchWebTest.csproj", "{21A277A4-423A-4BAB-AE86-5E83E4BAEC5F}"
EndProject
Project("{FAE04EC0-301F-11D3-BF4B-00C04F79EFBC}") = "AdvancedSearch", "AdvancedSearch\AdvancedSearch.csproj", "{2EF4A5C9-438F-4D9D-9660-638AA19B620A}"
EndProject
Project("{FAE04EC0-301F-11D3-BF4B-00C04F79EFBC}") = "AdvancedSearchConsoleTest", "AdvancedSearchConsoleTest\AdvancedSearchConsoleTest.csproj", "{725E7BC9-F983-4D9C-98D3-DEEE523AD55E}"
EndProject
Global
	GlobalSection(TeamFoundationVersionControl) = preSolution
		SccNumberOfProjects = 4
		SccEnterpriseProvider = {4CA58AB2-18FA-4F8D-95D4-32DDF27D184C}
		SccTeamFoundationServer = https://sharepointpita.visualstudio.com/defaultcollection
		SccLocalPath0 = .
		SccProjectUniqueName1 = AdvancedSearchWebTest\\AdvancedSearchWebTest.csproj
		SccProjectName1 = AdvancedSearchWebTest
		SccLocalPath1 = AdvancedSearchWebTest
		SccProjectUniqueName2 = AdvancedSearch\\AdvancedSearch.csproj
		SccProjectName2 = AdvancedSearch
		SccLocalPath2 = AdvancedSearch
		SccProjectUniqueName3 = AdvancedSearchConsoleTest\\AdvancedSearchConsoleTest.csproj
		SccProjectName3 = AdvancedSearchConsoleTest
		SccLocalPath3 = AdvancedSearchConsoleTest
	EndGlobalSection
	GlobalSection(SolutionConfigurationPlatforms) = preSolution
		Debug|Any CPU = Debug|Any CPU
		Debug|Mixed Platforms = Debug|Mixed Platforms
		Debug|x86 = Debug|x86
		Release|Any CPU = Release|Any CPU
		Release|Mixed Platforms = Release|Mixed Platforms
		Release|x86 = Release|x86
	EndGlobalSection
	GlobalSection(ProjectConfigurationPlatforms) = postSolution
		{21A277A4-423A-4BAB-AE86-5E83E4BAEC5F}.Debug|Any CPU.ActiveCfg = Debug|Any CPU
		{21A277A4-423A-4BAB-AE86-5E83E4BAEC5F}.Debug|Any CPU.Build.0 = Debug|Any CPU
		{21A277A4-423A-4BAB-AE86-5E83E4BAEC5F}.Debug|Mixed Platforms.ActiveCfg = Debug|Any CPU
		{21A277A4-423A-4BAB-AE86-5E83E4BAEC5F}.Debug|Mixed Platforms.Build.0 = Debug|Any CPU
		{21A277A4-423A-4BAB-AE86-5E83E4BAEC5F}.Debug|x86.ActiveCfg = Debug|Any CPU
		{21A277A4-423A-4BAB-AE86-5E83E4BAEC5F}.Release|Any CPU.ActiveCfg = Release|Any CPU
		{21A277A4-423A-4BAB-AE86-5E83E4BAEC5F}.Release|Any CPU.Build.0 = Release|Any CPU
		{21A277A4-423A-4BAB-AE86-5E83E4BAEC5F}.Release|Mixed Platforms.ActiveCfg = Release|Any CPU
		{21A277A4-423A-4BAB-AE86-5E83E4BAEC5F}.Release|Mixed Platforms.Build.0 = Release|Any CPU
		{21A277A4-423A-4BAB-AE86-5E83E4BAEC5F}.Release|x86.ActiveCfg = Release|Any CPU
		{2EF4A5C9-438F-4D9D-9660-638AA19B620A}.Debug|Any CPU.ActiveCfg = Debug|Any CPU
		{2EF4A5C9-438F-4D9D-9660-638AA19B620A}.Debug|Any CPU.Build.0 = Debug|Any CPU
		{2EF4A5C9-438F-4D9D-9660-638AA19B620A}.Debug|Mixed Platforms.ActiveCfg = Debug|Any CPU
		{2EF4A5C9-438F-4D9D-9660-638AA19B620A}.Debug|Mixed Platforms.Build.0 = Debug|Any CPU
		{2EF4A5C9-438F-4D9D-9660-638AA19B620A}.Debug|x86.ActiveCfg = Debug|Any CPU
		{2EF4A5C9-438F-4D9D-9660-638AA19B620A}.Release|Any CPU.ActiveCfg = Release|Any CPU
		{2EF4A5C9-438F-4D9D-9660-638AA19B620A}.Release|Any CPU.Build.0 = Release|Any CPU
		{2EF4A5C9-438F-4D9D-9660-638AA19B620A}.Release|Mixed Platforms.ActiveCfg = Release|Any CPU
		{2EF4A5C9-438F-4D9D-9660-638AA19B620A}.Release|Mixed Platforms.Build.0 = Release|Any CPU
		{2EF4A5C9-438F-4D9D-9660-638AA19B620A}.Release|x86.ActiveCfg = Release|Any CPU
		{725E7BC9-F983-4D9C-98D3-DEEE523AD55E}.Debug|Any CPU.ActiveCfg = Debug|x86
		{725E7BC9-F983-4D9C-98D3-DEEE523AD55E}.Debug|Mixed Platforms.ActiveCfg = Debug|x86
		{725E7BC9-F983-4D9C-98D3-DEEE523AD55E}.Debug|Mixed Platforms.Build.0 = Debug|x86
		{725E7BC9-F983-4D9C-98D3-DEEE523AD55E}.Debug|x86.ActiveCfg = Debug|x86
		{725E7BC9-F983-4D9C-98D3-DEEE523AD55E}.Debug|x86.Build.0 = Debug|x86
		{725E7BC9-F983-4D9C-98D3-DEEE523AD55E}.Release|Any CPU.ActiveCfg = Release|x86
		{725E7BC9-F983-4D9C-98D3-DEEE523AD55E}.Release|Mixed Platforms.ActiveCfg = Release|x86
		{725E7BC9-F983-4D9C-98D3-DEEE523AD55E}.Release|Mixed Platforms.Build.0 = Release|x86
		{725E7BC9-F983-4D9C-98D3-DEEE523AD55E}.Release|x86.ActiveCfg = Release|x86
		{725E7BC9-F983-4D9C-98D3-DEEE523AD55E}.Release|x86.Build.0 = Release|x86
	EndGlobalSection
	GlobalSection(SolutionProperties) = preSolution
		HideSolutionNode = FALSE
	EndGlobalSection
EndGlobal
